
Microsoft Visual Studio Solution File, Format Version 12.00
# Visual Studio 15
VisualStudioVersion = 15.0.28307.168
MinimumVisualStudioVersion = 10.0.40219.1
Project("{FAE04EC0-301F-11D3-BF4B-00C04F79EFBC}") = "BorrowAndRepay", "BorrowAndRepay\BorrowAndRepay.csproj", "{DF0E2A77-E329-4867-805E-127C0B6EC821}"
EndProject
Global
	GlobalSection(SolutionConfigurationPlatforms) = preSolution
		Debug|Any CPU = Debug|Any CPU
		Release|Any CPU = Release|Any CPU
	EndGlobalSection
	GlobalSection(ProjectConfigurationPlatforms) = postSolution
		{DF0E2A77-E329-4867-805E-127C0B6EC821}.Debug|Any CPU.ActiveCfg = Debug|Any CPU
		{DF0E2A77-E329-4867-805E-127C0B6EC821}.Debug|Any CPU.Build.0 = Debug|Any CPU
		{DF0E2A77-E329-4867-805E-127C0B6EC821}.Release|Any CPU.ActiveCfg = Release|Any CPU
		{DF0E2A77-E329-4867-805E-127C0B6EC821}.Release|Any CPU.Build.0 = Release|Any CPU
	EndGlobalSection
	GlobalSection(SolutionProperties) = preSolution
		HideSolutionNode = FALSE
	EndGlobalSection
	GlobalSection(ExtensibilityGlobals) = postSolution
		SolutionGuid = {E60DA32A-1B66-474D-B632-CE77ED6D62C4}
	EndGlobalSection
EndGlobal
